// !$*UTF8*$!
{
	archiveVersion = 1;
	classes = {
	};
	objectVersion = 50;
	objects = {

/* Begin PBXBuildFile section */
		13252DC825E0AEEF0026FB74 /* AppDelegate.swift in Sources */ = {isa = PBXBuildFile; fileRef = 13252DC725E0AEEF0026FB74 /* AppDelegate.swift */; };
		13252DCA25E0AEEF0026FB74 /* SceneDelegate.swift in Sources */ = {isa = PBXBuildFile; fileRef = 13252DC925E0AEEF0026FB74 /* SceneDelegate.swift */; };
		13252DCF25E0AEEF0026FB74 /* Main.storyboard in Resources */ = {isa = PBXBuildFile; fileRef = 13252DCD25E0AEEF0026FB74 /* Main.storyboard */; };
		13252DD125E0AEEF0026FB74 /* Assets.xcassets in Resources */ = {isa = PBXBuildFile; fileRef = 13252DD025E0AEEF0026FB74 /* Assets.xcassets */; };
		13252DD425E0AEEF0026FB74 /* LaunchScreen.storyboard in Resources */ = {isa = PBXBuildFile; fileRef = 13252DD225E0AEEF0026FB74 /* LaunchScreen.storyboard */; };
		13252DDF25E0AEEF0026FB74 /* FlixTests.swift in Sources */ = {isa = PBXBuildFile; fileRef = 13252DDE25E0AEEF0026FB74 /* FlixTests.swift */; };
		13252DEA25E0AEF00026FB74 /* FlixUITests.swift in Sources */ = {isa = PBXBuildFile; fileRef = 13252DE925E0AEF00026FB74 /* FlixUITests.swift */; };
		13252DFE25E0B24A0026FB74 /* MoviesViewController.swift in Sources */ = {isa = PBXBuildFile; fileRef = 13252DFD25E0B24A0026FB74 /* MoviesViewController.swift */; };
		13252E0325E0CC950026FB74 /* MovieCell.swift in Sources */ = {isa = PBXBuildFile; fileRef = 13252E0225E0CC950026FB74 /* MovieCell.swift */; };
		67FD655F6002267A36473E56 /* Pods_FlixTests.framework in Frameworks */ = {isa = PBXBuildFile; fileRef = A379C0B9EEE18DD46CAEB633 /* Pods_FlixTests.framework */; };
		A7B4CA4C8B57ED465ECFED1E /* Pods_Flix_FlixUITests.framework in Frameworks */ = {isa = PBXBuildFile; fileRef = 895D9D500CA90A4D2F76CF45 /* Pods_Flix_FlixUITests.framework */; };
		EBAC4803E9E5944CBD4FC586 /* Pods_Flix.framework in Frameworks */ = {isa = PBXBuildFile; fileRef = 41C574F8B70E516C3BDF53AE /* Pods_Flix.framework */; };
/* End PBXBuildFile section */

/* Begin PBXContainerItemProxy section */
		13252DDB25E0AEEF0026FB74 /* PBXContainerItemProxy */ = {
			isa = PBXContainerItemProxy;
			containerPortal = 13252DBC25E0AEEF0026FB74 /* Project object */;
			proxyType = 1;
			remoteGlobalIDString = 13252DC325E0AEEF0026FB74;
			remoteInfo = Flix;
		};
		13252DE625E0AEF00026FB74 /* PBXContainerItemProxy */ = {
			isa = PBXContainerItemProxy;
			containerPortal = 13252DBC25E0AEEF0026FB74 /* Project object */;
			proxyType = 1;
			remoteGlobalIDString = 13252DC325E0AEEF0026FB74;
			remoteInfo = Flix;
		};
/* End PBXContainerItemProxy section */

/* Begin PBXFileReference section */
		13252DC425E0AEEF0026FB74 /* Flix.app */ = {isa = PBXFileReference; explicitFileType = wrapper.application; includeInIndex = 0; path = Flix.app; sourceTree = BUILT_PRODUCTS_DIR; };
		13252DC725E0AEEF0026FB74 /* AppDelegate.swift */ = {isa = PBXFileReference; lastKnownFileType = sourcecode.swift; path = AppDelegate.swift; sourceTree = "<group>"; };
		13252DC925E0AEEF0026FB74 /* SceneDelegate.swift */ = {isa = PBXFileReference; lastKnownFileType = sourcecode.swift; path = SceneDelegate.swift; sourceTree = "<group>"; };
		13252DCE25E0AEEF0026FB74 /* Base */ = {isa = PBXFileReference; lastKnownFileType = file.storyboard; name = Base; path = Base.lproj/Main.storyboard; sourceTree = "<group>"; };
		13252DD025E0AEEF0026FB74 /* Assets.xcassets */ = {isa = PBXFileReference; lastKnownFileType = folder.assetcatalog; path = Assets.xcassets; sourceTree = "<group>"; };
		13252DD325E0AEEF0026FB74 /* Base */ = {isa = PBXFileReference; lastKnownFileType = file.storyboard; name = Base; path = Base.lproj/LaunchScreen.storyboard; sourceTree = "<group>"; };
		13252DD525E0AEEF0026FB74 /* Info.plist */ = {isa = PBXFileReference; lastKnownFileType = text.plist.xml; path = Info.plist; sourceTree = "<group>"; };
		13252DDA25E0AEEF0026FB74 /* FlixTests.xctest */ = {isa = PBXFileReference; explicitFileType = wrapper.cfbundle; includeInIndex = 0; path = FlixTests.xctest; sourceTree = BUILT_PRODUCTS_DIR; };
		13252DDE25E0AEEF0026FB74 /* FlixTests.swift */ = {isa = PBXFileReference; lastKnownFileType = sourcecode.swift; path = FlixTests.swift; sourceTree = "<group>"; };
		13252DE025E0AEEF0026FB74 /* Info.plist */ = {isa = PBXFileReference; lastKnownFileType = text.plist.xml; path = Info.plist; sourceTree = "<group>"; };
		13252DE525E0AEF00026FB74 /* FlixUITests.xctest */ = {isa = PBXFileReference; explicitFileType = wrapper.cfbundle; includeInIndex = 0; path = FlixUITests.xctest; sourceTree = BUILT_PRODUCTS_DIR; };
		13252DE925E0AEF00026FB74 /* FlixUITests.swift */ = {isa = PBXFileReference; lastKnownFileType = sourcecode.swift; path = FlixUITests.swift; sourceTree = "<group>"; };
		13252DEB25E0AEF00026FB74 /* Info.plist */ = {isa = PBXFileReference; lastKnownFileType = text.plist.xml; path = Info.plist; sourceTree = "<group>"; };
		13252DFD25E0B24A0026FB74 /* MoviesViewController.swift */ = {isa = PBXFileReference; lastKnownFileType = sourcecode.swift; path = MoviesViewController.swift; sourceTree = "<group>"; };
		13252E0225E0CC950026FB74 /* MovieCell.swift */ = {isa = PBXFileReference; lastKnownFileType = sourcecode.swift; path = MovieCell.swift; sourceTree = "<group>"; };
		41C574F8B70E516C3BDF53AE /* Pods_Flix.framework */ = {isa = PBXFileReference; explicitFileType = wrapper.framework; includeInIndex = 0; path = Pods_Flix.framework; sourceTree = BUILT_PRODUCTS_DIR; };
		48A4529E58B6374EA86CB4CF /* Pods-Flix.debug.xcconfig */ = {isa = PBXFileReference; includeInIndex = 1; lastKnownFileType = text.xcconfig; name = "Pods-Flix.debug.xcconfig"; path = "Target Support Files/Pods-Flix/Pods-Flix.debug.xcconfig"; sourceTree = "<group>"; };
		5CC2B02A9FCEAAA945476AFC /* Pods-Flix-FlixUITests.release.xcconfig */ = {isa = PBXFileReference; includeInIndex = 1; lastKnownFileType = text.xcconfig; name = "Pods-Flix-FlixUITests.release.xcconfig"; path = "Target Support Files/Pods-Flix-FlixUITests/Pods-Flix-FlixUITests.release.xcconfig"; sourceTree = "<group>"; };
		6014DCDA46EC2CB84D9A8347 /* Pods-Flix.release.xcconfig */ = {isa = PBXFileReference; includeInIndex = 1; lastKnownFileType = text.xcconfig; name = "Pods-Flix.release.xcconfig"; path = "Target Support Files/Pods-Flix/Pods-Flix.release.xcconfig"; sourceTree = "<group>"; };
		895D9D500CA90A4D2F76CF45 /* Pods_Flix_FlixUITests.framework */ = {isa = PBXFileReference; explicitFileType = wrapper.framework; includeInIndex = 0; path = Pods_Flix_FlixUITests.framework; sourceTree = BUILT_PRODUCTS_DIR; };
		9EC184607B83359C12275C44 /* Pods-FlixTests.release.xcconfig */ = {isa = PBXFileReference; includeInIndex = 1; lastKnownFileType = text.xcconfig; name = "Pods-FlixTests.release.xcconfig"; path = "Target Support Files/Pods-FlixTests/Pods-FlixTests.release.xcconfig"; sourceTree = "<group>"; };
		A379C0B9EEE18DD46CAEB633 /* Pods_FlixTests.framework */ = {isa = PBXFileReference; explicitFileType = wrapper.framework; includeInIndex = 0; path = Pods_FlixTests.framework; sourceTree = BUILT_PRODUCTS_DIR; };
		AA9A860082EE15AD2709580D /* Pods-Flix-FlixUITests.debug.xcconfig */ = {isa = PBXFileReference; includeInIndex = 1; lastKnownFileType = text.xcconfig; name = "Pods-Flix-FlixUITests.debug.xcconfig"; path = "Target Support Files/Pods-Flix-FlixUITests/Pods-Flix-FlixUITests.debug.xcconfig"; sourceTree = "<group>"; };
		AE3E6C26D11143C94EF26219 /* Pods-FlixTests.debug.xcconfig */ = {isa = PBXFileReference; includeInIndex = 1; lastKnownFileType = text.xcconfig; name = "Pods-FlixTests.debug.xcconfig"; path = "Target Support Files/Pods-FlixTests/Pods-FlixTests.debug.xcconfig"; sourceTree = "<group>"; };
/* End PBXFileReference section */

/* Begin PBXFrameworksBuildPhase section */
		13252DC125E0AEEF0026FB74 /* Frameworks */ = {
			isa = PBXFrameworksBuildPhase;
			buildActionMask = 2147483647;
			files = (
				EBAC4803E9E5944CBD4FC586 /* Pods_Flix.framework in Frameworks */,
			);
			runOnlyForDeploymentPostprocessing = 0;
		};
		13252DD725E0AEEF0026FB74 /* Frameworks */ = {
			isa = PBXFrameworksBuildPhase;
			buildActionMask = 2147483647;
			files = (
				67FD655F6002267A36473E56 /* Pods_FlixTests.framework in Frameworks */,
			);
			runOnlyForDeploymentPostprocessing = 0;
		};
		13252DE225E0AEF00026FB74 /* Frameworks */ = {
			isa = PBXFrameworksBuildPhase;
			buildActionMask = 2147483647;
			files = (
				A7B4CA4C8B57ED465ECFED1E /* Pods_Flix_FlixUITests.framework in Frameworks */,
			);
			runOnlyForDeploymentPostprocessing = 0;
		};
/* End PBXFrameworksBuildPhase section */

/* Begin PBXGroup section */
		13252DBB25E0AEEF0026FB74 = {
			isa = PBXGroup;
			children = (
				13252DC625E0AEEF0026FB74 /* Flix */,
				13252DDD25E0AEEF0026FB74 /* FlixTests */,
				13252DE825E0AEF00026FB74 /* FlixUITests */,
				13252DC525E0AEEF0026FB74 /* Products */,
				548AD4C40E30D069C68A8E53 /* Pods */,
				A4D66448AFA1E07047A90839 /* Frameworks */,
			);
			sourceTree = "<group>";
		};
		13252DC525E0AEEF0026FB74 /* Products */ = {
			isa = PBXGroup;
			children = (
				13252DC425E0AEEF0026FB74 /* Flix.app */,
				13252DDA25E0AEEF0026FB74 /* FlixTests.xctest */,
				13252DE525E0AEF00026FB74 /* FlixUITests.xctest */,
			);
			name = Products;
			sourceTree = "<group>";
		};
		13252DC625E0AEEF0026FB74 /* Flix */ = {
			isa = PBXGroup;
			children = (
				13252DC725E0AEEF0026FB74 /* AppDelegate.swift */,
				13252DC925E0AEEF0026FB74 /* SceneDelegate.swift */,
				13252DCD25E0AEEF0026FB74 /* Main.storyboard */,
				13252DD025E0AEEF0026FB74 /* Assets.xcassets */,
				13252DD225E0AEEF0026FB74 /* LaunchScreen.storyboard */,
				13252DD525E0AEEF0026FB74 /* Info.plist */,
				13252DFD25E0B24A0026FB74 /* MoviesViewController.swift */,
				13252E0225E0CC950026FB74 /* MovieCell.swift */,
			);
			path = Flix;
			sourceTree = "<group>";
		};
		13252DDD25E0AEEF0026FB74 /* FlixTests */ = {
			isa = PBXGroup;
			children = (
				13252DDE25E0AEEF0026FB74 /* FlixTests.swift */,
				13252DE025E0AEEF0026FB74 /* Info.plist */,
			);
			path = FlixTests;
			sourceTree = "<group>";
		};
		13252DE825E0AEF00026FB74 /* FlixUITests */ = {
			isa = PBXGroup;
			children = (
				13252DE925E0AEF00026FB74 /* FlixUITests.swift */,
				13252DEB25E0AEF00026FB74 /* Info.plist */,
			);
			path = FlixUITests;
			sourceTree = "<group>";
		};
		548AD4C40E30D069C68A8E53 /* Pods */ = {
			isa = PBXGroup;
			children = (
				48A4529E58B6374EA86CB4CF /* Pods-Flix.debug.xcconfig */,
				6014DCDA46EC2CB84D9A8347 /* Pods-Flix.release.xcconfig */,
				AA9A860082EE15AD2709580D /* Pods-Flix-FlixUITests.debug.xcconfig */,
				5CC2B02A9FCEAAA945476AFC /* Pods-Flix-FlixUITests.release.xcconfig */,
				AE3E6C26D11143C94EF26219 /* Pods-FlixTests.debug.xcconfig */,
				9EC184607B83359C12275C44 /* Pods-FlixTests.release.xcconfig */,
			);
			name = Pods;
			path = Pods;
			sourceTree = "<group>";
		};
		A4D66448AFA1E07047A90839 /* Frameworks */ = {
			isa = PBXGroup;
			children = (
				41C574F8B70E516C3BDF53AE /* Pods_Flix.framework */,
				895D9D500CA90A4D2F76CF45 /* Pods_Flix_FlixUITests.framework */,
				A379C0B9EEE18DD46CAEB633 /* Pods_FlixTests.framework */,
			);
			name = Frameworks;
			sourceTree = "<group>";
		};
/* End PBXGroup section */

/* Begin PBXNativeTarget section */
		13252DC325E0AEEF0026FB74 /* Flix */ = {
			isa = PBXNativeTarget;
			buildConfigurationList = 13252DEE25E0AEF00026FB74 /* Build configuration list for PBXNativeTarget "Flix" */;
			buildPhases = (
				5B07672439B23647265BE89F /* [CP] Check Pods Manifest.lock */,
				13252DC025E0AEEF0026FB74 /* Sources */,
				13252DC125E0AEEF0026FB74 /* Frameworks */,
				13252DC225E0AEEF0026FB74 /* Resources */,
				031779E6E0A3AD7F79E23760 /* [CP] Embed Pods Frameworks */,
			);
			buildRules = (
			);
			dependencies = (
			);
			name = Flix;
			productName = Flix;
			productReference = 13252DC425E0AEEF0026FB74 /* Flix.app */;
			productType = "com.apple.product-type.application";
		};
		13252DD925E0AEEF0026FB74 /* FlixTests */ = {
			isa = PBXNativeTarget;
			buildConfigurationList = 13252DF125E0AEF00026FB74 /* Build configuration list for PBXNativeTarget "FlixTests" */;
			buildPhases = (
				486A9C72B7BBB952D8508EB4 /* [CP] Check Pods Manifest.lock */,
				13252DD625E0AEEF0026FB74 /* Sources */,
				13252DD725E0AEEF0026FB74 /* Frameworks */,
				13252DD825E0AEEF0026FB74 /* Resources */,
			);
			buildRules = (
			);
			dependencies = (
				13252DDC25E0AEEF0026FB74 /* PBXTargetDependency */,
			);
			name = FlixTests;
			productName = FlixTests;
			productReference = 13252DDA25E0AEEF0026FB74 /* FlixTests.xctest */;
			productType = "com.apple.product-type.bundle.unit-test";
		};
		13252DE425E0AEF00026FB74 /* FlixUITests */ = {
			isa = PBXNativeTarget;
			buildConfigurationList = 13252DF425E0AEF00026FB74 /* Build configuration list for PBXNativeTarget "FlixUITests" */;
			buildPhases = (
				F4E37330F1B0DF3CA6E28507 /* [CP] Check Pods Manifest.lock */,
				13252DE125E0AEF00026FB74 /* Sources */,
				13252DE225E0AEF00026FB74 /* Frameworks */,
				13252DE325E0AEF00026FB74 /* Resources */,
				4C1BB21D98E648B3535191AD /* [CP] Embed Pods Frameworks */,
			);
			buildRules = (
			);
			dependencies = (
				13252DE725E0AEF00026FB74 /* PBXTargetDependency */,
			);
			name = FlixUITests;
			productName = FlixUITests;
			productReference = 13252DE525E0AEF00026FB74 /* FlixUITests.xctest */;
			productType = "com.apple.product-type.bundle.ui-testing";
		};
/* End PBXNativeTarget section */

/* Begin PBXProject section */
		13252DBC25E0AEEF0026FB74 /* Project object */ = {
			isa = PBXProject;
			attributes = {
				LastSwiftUpdateCheck = 1240;
				LastUpgradeCheck = 1240;
				TargetAttributes = {
					13252DC325E0AEEF0026FB74 = {
						CreatedOnToolsVersion = 12.4;
					};
					13252DD925E0AEEF0026FB74 = {
						CreatedOnToolsVersion = 12.4;
						TestTargetID = 13252DC325E0AEEF0026FB74;
					};
					13252DE425E0AEF00026FB74 = {
						CreatedOnToolsVersion = 12.4;
						TestTargetID = 13252DC325E0AEEF0026FB74;
					};
				};
			};
			buildConfigurationList = 13252DBF25E0AEEF0026FB74 /* Build configuration list for PBXProject "Flix" */;
			compatibilityVersion = "Xcode 9.3";
			developmentRegion = en;
			hasScannedForEncodings = 0;
			knownRegions = (
				en,
				Base,
			);
			mainGroup = 13252DBB25E0AEEF0026FB74;
			productRefGroup = 13252DC525E0AEEF0026FB74 /* Products */;
			projectDirPath = "";
			projectRoot = "";
			targets = (
				13252DC325E0AEEF0026FB74 /* Flix */,
				13252DD925E0AEEF0026FB74 /* FlixTests */,
				13252DE425E0AEF00026FB74 /* FlixUITests */,
			);
		};
/* End PBXProject section */

/* Begin PBXResourcesBuildPhase section */
		13252DC225E0AEEF0026FB74 /* Resources */ = {
			isa = PBXResourcesBuildPhase;
			buildActionMask = 2147483647;
			files = (
				13252DD425E0AEEF0026FB74 /* LaunchScreen.storyboard in Resources */,
				13252DD125E0AEEF0026FB74 /* Assets.xcassets in Resources */,
				13252DCF25E0AEEF0026FB74 /* Main.storyboard in Resources */,
			);
			runOnlyForDeploymentPostprocessing = 0;
		};
		13252DD825E0AEEF0026FB74 /* Resources */ = {
			isa = PBXResourcesBuildPhase;
			buildActionMask = 2147483647;
			files = (
			);
			runOnlyForDeploymentPostprocessing = 0;
		};
		13252DE325E0AEF00026FB74 /* Resources */ = {
			isa = PBXResourcesBuildPhase;
			buildActionMask = 2147483647;
			files = (
			);
			runOnlyForDeploymentPostprocessing = 0;
		};
/* End PBXResourcesBuildPhase section */

/* Begin PBXShellScriptBuildPhase section */
		031779E6E0A3AD7F79E23760 /* [CP] Embed Pods Frameworks */ = {
			isa = PBXShellScriptBuildPhase;
			buildActionMask = 2147483647;
			files = (
			);
			inputFileListPaths = (
				"${PODS_ROOT}/Target Support Files/Pods-Flix/Pods-Flix-frameworks-${CONFIGURATION}-input-files.xcfilelist",
			);
			name = "[CP] Embed Pods Frameworks";
			outputFileListPaths = (
				"${PODS_ROOT}/Target Support Files/Pods-Flix/Pods-Flix-frameworks-${CONFIGURATION}-output-files.xcfilelist",
			);
			runOnlyForDeploymentPostprocessing = 0;
			shellPath = /bin/sh;
			shellScript = "\"${PODS_ROOT}/Target Support Files/Pods-Flix/Pods-Flix-frameworks.sh\"\n";
			showEnvVarsInLog = 0;
		};
		486A9C72B7BBB952D8508EB4 /* [CP] Check Pods Manifest.lock */ = {
			isa = PBXShellScriptBuildPhase;
			buildActionMask = 2147483647;
			files = (
			);
			inputFileListPaths = (
			);
			inputPaths = (
				"${PODS_PODFILE_DIR_PATH}/Podfile.lock",
				"${PODS_ROOT}/Manifest.lock",
			);
			name = "[CP] Check Pods Manifest.lock";
			outputFileListPaths = (
			);
			outputPaths = (
				"$(DERIVED_FILE_DIR)/Pods-FlixTests-checkManifestLockResult.txt",
			);
			runOnlyForDeploymentPostprocessing = 0;
			shellPath = /bin/sh;
			shellScript = "diff \"${PODS_PODFILE_DIR_PATH}/Podfile.lock\" \"${PODS_ROOT}/Manifest.lock\" > /dev/null\nif [ $? != 0 ] ; then\n    # print error to STDERR\n    echo \"error: The sandbox is not in sync with the Podfile.lock. Run 'pod install' or update your CocoaPods installation.\" >&2\n    exit 1\nfi\n# This output is used by Xcode 'outputs' to avoid re-running this script phase.\necho \"SUCCESS\" > \"${SCRIPT_OUTPUT_FILE_0}\"\n";
			showEnvVarsInLog = 0;
		};
		4C1BB21D98E648B3535191AD /* [CP] Embed Pods Frameworks */ = {
			isa = PBXShellScriptBuildPhase;
			buildActionMask = 2147483647;
			files = (
			);
			inputFileListPaths = (
				"${PODS_ROOT}/Target Support Files/Pods-Flix-FlixUITests/Pods-Flix-FlixUITests-frameworks-${CONFIGURATION}-input-files.xcfilelist",
			);
			name = "[CP] Embed Pods Frameworks";
			outputFileListPaths = (
				"${PODS_ROOT}/Target Support Files/Pods-Flix-FlixUITests/Pods-Flix-FlixUITests-frameworks-${CONFIGURATION}-output-files.xcfilelist",
			);
			runOnlyForDeploymentPostprocessing = 0;
			shellPath = /bin/sh;
			shellScript = "\"${PODS_ROOT}/Target Support Files/Pods-Flix-FlixUITests/Pods-Flix-FlixUITests-frameworks.sh\"\n";
			showEnvVarsInLog = 0;
		};
		5B07672439B23647265BE89F /* [CP] Check Pods Manifest.lock */ = {
			isa = PBXShellScriptBuildPhase;
			buildActionMask = 2147483647;
			files = (
			);
			inputFileListPaths = (
			);
			inputPaths = (
				"${PODS_PODFILE_DIR_PATH}/Podfile.lock",
				"${PODS_ROOT}/Manifest.lock",
			);
			name = "[CP] Check Pods Manifest.lock";
			outputFileListPaths = (
			);
			outputPaths = (
				"$(DERIVED_FILE_DIR)/Pods-Flix-checkManifestLockResult.txt",
			);
			runOnlyForDeploymentPostprocessing = 0;
			shellPath = /bin/sh;
			shellScript = "diff \"${PODS_PODFILE_DIR_PATH}/Podfile.lock\" \"${PODS_ROOT}/Manifest.lock\" > /dev/null\nif [ $? != 0 ] ; then\n    # print error to STDERR\n    echo \"error: The sandbox is not in sync with the Podfile.lock. Run 'pod install' or update your CocoaPods installation.\" >&2\n    exit 1\nfi\n# This output is used by Xcode 'outputs' to avoid re-running this script phase.\necho \"SUCCESS\" > \"${SCRIPT_OUTPUT_FILE_0}\"\n";
			showEnvVarsInLog = 0;
		};
		F4E37330F1B0DF3CA6E28507 /* [CP] Check Pods Manifest.lock */ = {
			isa = PBXShellScriptBuildPhase;
			buildActionMask = 2147483647;
			files = (
			);
			inputFileListPaths = (
			);
			inputPaths = (
				"${PODS_PODFILE_DIR_PATH}/Podfile.lock",
				"${PODS_ROOT}/Manifest.lock",
			);
			name = "[CP] Check Pods Manifest.lock";
			outputFileListPaths = (
			);
			outputPaths = (
				"$(DERIVED_FILE_DIR)/Pods-Flix-FlixUITests-checkManifestLockResult.txt",
			);
			runOnlyForDeploymentPostprocessing = 0;
			shellPath = /bin/sh;
			shellScript = "diff \"${PODS_PODFILE_DIR_PATH}/Podfile.lock\" \"${PODS_ROOT}/Manifest.lock\" > /dev/null\nif [ $? != 0 ] ; then\n    # print error to STDERR\n    echo \"error: The sandbox is not in sync with the Podfile.lock. Run 'pod install' or update your CocoaPods installation.\" >&2\n    exit 1\nfi\n# This output is used by Xcode 'outputs' to avoid re-running this script phase.\necho \"SUCCESS\" > \"${SCRIPT_OUTPUT_FILE_0}\"\n";
			showEnvVarsInLog = 0;
		};
/* End PBXShellScriptBuildPhase section */

/* Begin PBXSourcesBuildPhase section */
		13252DC025E0AEEF0026FB74 /* Sources */ = {
			isa = PBXSourcesBuildPhase;
			buildActionMask = 2147483647;
			files = (
				13252DC825E0AEEF0026FB74 /* AppDelegate.swift in Sources */,
				13252DCA25E0AEEF0026FB74 /* SceneDelegate.swift in Sources */,
				13252E0325E0CC950026FB74 /* MovieCell.swift in Sources */,
				13252DFE25E0B24A0026FB74 /* MoviesViewController.swift in Sources */,
			);
			runOnlyForDeploymentPostprocessing = 0;
		};
		13252DD625E0AEEF0026FB74 /* Sources */ = {
			isa = PBXSourcesBuildPhase;
			buildActionMask = 2147483647;
			files = (
				13252DDF25E0AEEF0026FB74 /* FlixTests.swift in Sources */,
			);
			runOnlyForDeploymentPostprocessing = 0;
		};
		13252DE125E0AEF00026FB74 /* Sources */ = {
			isa = PBXSourcesBuildPhase;
			buildActionMask = 2147483647;
			files = (
				13252DEA25E0AEF00026FB74 /* FlixUITests.swift in Sources */,
			);
			runOnlyForDeploymentPostprocessing = 0;
		};
/* End PBXSourcesBuildPhase section */

/* Begin PBXTargetDependency section */
		13252DDC25E0AEEF0026FB74 /* PBXTargetDependency */ = {
			isa = PBXTargetDependency;
			target = 13252DC325E0AEEF0026FB74 /* Flix */;
			targetProxy = 13252DDB25E0AEEF0026FB74 /* PBXContainerItemProxy */;
		};
		13252DE725E0AEF00026FB74 /* PBXTargetDependency */ = {
			isa = PBXTargetDependency;
			target = 13252DC325E0AEEF0026FB74 /* Flix */;
			targetProxy = 13252DE625E0AEF00026FB74 /* PBXContainerItemProxy */;
		};
/* End PBXTargetDependency section */

/* Begin PBXVariantGroup section */
		13252DCD25E0AEEF0026FB74 /* Main.storyboard */ = {
			isa = PBXVariantGroup;
			children = (
				13252DCE25E0AEEF0026FB74 /* Base */,
			);
			name = Main.storyboard;
			sourceTree = "<group>";
		};
		13252DD225E0AEEF0026FB74 /* LaunchScreen.storyboard */ = {
			isa = PBXVariantGroup;
			children = (
				13252DD325E0AEEF0026FB74 /* Base */,
			);
			name = LaunchScreen.storyboard;
			sourceTree = "<group>";
		};
/* End PBXVariantGroup section */

/* Begin XCBuildConfiguration section */
		13252DEC25E0AEF00026FB74 /* Debug */ = {
			isa = XCBuildConfiguration;
			buildSettings = {
				ALWAYS_SEARCH_USER_PATHS = NO;
				CLANG_ANALYZER_NONNULL = YES;
				CLANG_ANALYZER_NUMBER_OBJECT_CONVERSION = YES_AGGRESSIVE;
				CLANG_CXX_LANGUAGE_STANDARD = "gnu++14";
				CLANG_CXX_LIBRARY = "libc++";
				CLANG_ENABLE_MODULES = YES;
				CLANG_ENABLE_OBJC_ARC = YES;
				CLANG_ENABLE_OBJC_WEAK = YES;
				CLANG_WARN_BLOCK_CAPTURE_AUTORELEASING = YES;
				CLANG_WARN_BOOL_CONVERSION = YES;
				CLANG_WARN_COMMA = YES;
				CLANG_WARN_CONSTANT_CONVERSION = YES;
				CLANG_WARN_DEPRECATED_OBJC_IMPLEMENTATIONS = YES;
				CLANG_WARN_DIRECT_OBJC_ISA_USAGE = YES_ERROR;
				CLANG_WARN_DOCUMENTATION_COMMENTS = YES;
				CLANG_WARN_EMPTY_BODY = YES;
				CLANG_WARN_ENUM_CONVERSION = YES;
				CLANG_WARN_INFINITE_RECURSION = YES;
				CLANG_WARN_INT_CONVERSION = YES;
				CLANG_WARN_NON_LITERAL_NULL_CONVERSION = YES;
				CLANG_WARN_OBJC_IMPLICIT_RETAIN_SELF = YES;
				CLANG_WARN_OBJC_LITERAL_CONVERSION = YES;
				CLANG_WARN_OBJC_ROOT_CLASS = YES_ERROR;
				CLANG_WARN_QUOTED_INCLUDE_IN_FRAMEWORK_HEADER = YES;
				CLANG_WARN_RANGE_LOOP_ANALYSIS = YES;
				CLANG_WARN_STRICT_PROTOTYPES = YES;
				CLANG_WARN_SUSPICIOUS_MOVE = YES;
				CLANG_WARN_UNGUARDED_AVAILABILITY = YES_AGGRESSIVE;
				CLANG_WARN_UNREACHABLE_CODE = YES;
				CLANG_WARN__DUPLICATE_METHOD_MATCH = YES;
				COPY_PHASE_STRIP = NO;
				DEBUG_INFORMATION_FORMAT = dwarf;
				ENABLE_STRICT_OBJC_MSGSEND = YES;
				ENABLE_TESTABILITY = YES;
				GCC_C_LANGUAGE_STANDARD = gnu11;
				GCC_DYNAMIC_NO_PIC = NO;
				GCC_NO_COMMON_BLOCKS = YES;
				GCC_OPTIMIZATION_LEVEL = 0;
				GCC_PREPROCESSOR_DEFINITIONS = (
					"DEBUG=1",
					"$(inherited)",
				);
				GCC_WARN_64_TO_32_BIT_CONVERSION = YES;
				GCC_WARN_ABOUT_RETURN_TYPE = YES_ERROR;
				GCC_WARN_UNDECLARED_SELECTOR = YES;
				GCC_WARN_UNINITIALIZED_AUTOS = YES_AGGRESSIVE;
				GCC_WARN_UNUSED_FUNCTION = YES;
				GCC_WARN_UNUSED_VARIABLE = YES;
				IPHONEOS_DEPLOYMENT_TARGET = 14.4;
				MTL_ENABLE_DEBUG_INFO = INCLUDE_SOURCE;
				MTL_FAST_MATH = YES;
				ONLY_ACTIVE_ARCH = YES;
				SDKROOT = iphoneos;
				SWIFT_ACTIVE_COMPILATION_CONDITIONS = DEBUG;
				SWIFT_OPTIMIZATION_LEVEL = "-Onone";
			};
			name = Debug;
		};
		13252DED25E0AEF00026FB74 /* Release */ = {
			isa = XCBuildConfiguration;
			buildSettings = {
				ALWAYS_SEARCH_USER_PATHS = NO;
				CLANG_ANALYZER_NONNULL = YES;
				CLANG_ANALYZER_NUMBER_OBJECT_CONVERSION = YES_AGGRESSIVE;
				CLANG_CXX_LANGUAGE_STANDARD = "gnu++14";
				CLANG_CXX_LIBRARY = "libc++";
				CLANG_ENABLE_MODULES = YES;
				CLANG_ENABLE_OBJC_ARC = YES;
				CLANG_ENABLE_OBJC_WEAK = YES;
				CLANG_WARN_BLOCK_CAPTURE_AUTORELEASING = YES;
				CLANG_WARN_BOOL_CONVERSION = YES;
				CLANG_WARN_COMMA = YES;
				CLANG_WARN_CONSTANT_CONVERSION = YES;
				CLANG_WARN_DEPRECATED_OBJC_IMPLEMENTATIONS = YES;
				CLANG_WARN_DIRECT_OBJC_ISA_USAGE = YES_ERROR;
				CLANG_WARN_DOCUMENTATION_COMMENTS = YES;
				CLANG_WARN_EMPTY_BODY = YES;
				CLANG_WARN_ENUM_CONVERSION = YES;
				CLANG_WARN_INFINITE_RECURSION = YES;
				CLANG_WARN_INT_CONVERSION = YES;
				CLANG_WARN_NON_LITERAL_NULL_CONVERSION = YES;
				CLANG_WARN_OBJC_IMPLICIT_RETAIN_SELF = YES;
				CLANG_WARN_OBJC_LITERAL_CONVERSION = YES;
				CLANG_WARN_OBJC_ROOT_CLASS = YES_ERROR;
				CLANG_WARN_QUOTED_INCLUDE_IN_FRAMEWORK_HEADER = YES;
				CLANG_WARN_RANGE_LOOP_ANALYSIS = YES;
				CLANG_WARN_STRICT_PROTOTYPES = YES;
				CLANG_WARN_SUSPICIOUS_MOVE = YES;
				CLANG_WARN_UNGUARDED_AVAILABILITY = YES_AGGRESSIVE;
				CLANG_WARN_UNREACHABLE_CODE = YES;
				CLANG_WARN__DUPLICATE_METHOD_MATCH = YES;
				COPY_PHASE_STRIP = NO;
				DEBUG_INFORMATION_FORMAT = "dwarf-with-dsym";
				ENABLE_NS_ASSERTIONS = NO;
				ENABLE_STRICT_OBJC_MSGSEND = YES;
				GCC_C_LANGUAGE_STANDARD = gnu11;
				GCC_NO_COMMON_BLOCKS = YES;
				GCC_WARN_64_TO_32_BIT_CONVERSION = YES;
				GCC_WARN_ABOUT_RETURN_TYPE = YES_ERROR;
				GCC_WARN_UNDECLARED_SELECTOR = YES;
				GCC_WARN_UNINITIALIZED_AUTOS = YES_AGGRESSIVE;
				GCC_WARN_UNUSED_FUNCTION = YES;
				GCC_WARN_UNUSED_VARIABLE = YES;
				IPHONEOS_DEPLOYMENT_TARGET = 14.4;
				MTL_ENABLE_DEBUG_INFO = NO;
				MTL_FAST_MATH = YES;
				SDKROOT = iphoneos;
				SWIFT_COMPILATION_MODE = wholemodule;
				SWIFT_OPTIMIZATION_LEVEL = "-O";
				VALIDATE_PRODUCT = YES;
			};
			name = Release;
		};
		13252DEF25E0AEF00026FB74 /* Debug */ = {
			isa = XCBuildConfiguration;
			baseConfigurationReference = 48A4529E58B6374EA86CB4CF /* Pods-Flix.debug.xcconfig */;
			buildSettings = {
				ASSETCATALOG_COMPILER_APPICON_NAME = AppIcon;
				ASSETCATALOG_COMPILER_GLOBAL_ACCENT_COLOR_NAME = AccentColor;
				CODE_SIGN_STYLE = Automatic;
				DEVELOPMENT_TEAM = GHUJM3NP68;
				INFOPLIST_FILE = Flix/Info.plist;
				LD_RUNPATH_SEARCH_PATHS = (
					"$(inherited)",
					"@executable_path/Frameworks",
				);
				PRODUCT_BUNDLE_IDENTIFIER = FailWhale.Flix;
				PRODUCT_NAME = "$(TARGET_NAME)";
				SWIFT_VERSION = 5.0;
				TARGETED_DEVICE_FAMILY = "1,2";
			};
			name = Debug;
		};
		13252DF025E0AEF00026FB74 /* Release */ = {
			isa = XCBuildConfiguration;
			baseConfigurationReference = 6014DCDA46EC2CB84D9A8347 /* Pods-Flix.release.xcconfig */;
			buildSettings = {
				ASSETCATALOG_COMPILER_APPICON_NAME = AppIcon;
				ASSETCATALOG_COMPILER_GLOBAL_ACCENT_COLOR_NAME = AccentColor;
				CODE_SIGN_STYLE = Automatic;
				DEVELOPMENT_TEAM = GHUJM3NP68;
				INFOPLIST_FILE = Flix/Info.plist;
				LD_RUNPATH_SEARCH_PATHS = (
					"$(inherited)",
					"@executable_path/Frameworks",
				);
				PRODUCT_BUNDLE_IDENTIFIER = FailWhale.Flix;
				PRODUCT_NAME = "$(TARGET_NAME)";
				SWIFT_VERSION = 5.0;
				TARGETED_DEVICE_FAMILY = "1,2";
			};
			name = Release;
		};
		13252DF225E0AEF00026FB74 /* Debug */ = {
			isa = XCBuildConfiguration;
			baseConfigurationReference = AE3E6C26D11143C94EF26219 /* Pods-FlixTests.debug.xcconfig */;
			buildSettings = {
				ALWAYS_EMBED_SWIFT_STANDARD_LIBRARIES = YES;
				BUNDLE_LOADER = "$(TEST_HOST)";
				CODE_SIGN_STYLE = Automatic;
				DEVELOPMENT_TEAM = GHUJM3NP68;
				INFOPLIST_FILE = FlixTests/Info.plist;
				IPHONEOS_DEPLOYMENT_TARGET = 14.4;
				LD_RUNPATH_SEARCH_PATHS = (
					"$(inherited)",
					"@executable_path/Frameworks",
					"@loader_path/Frameworks",
				);
				PRODUCT_BUNDLE_IDENTIFIER = FailWhale.FlixTests;
				PRODUCT_NAME = "$(TARGET_NAME)";
				SWIFT_VERSION = 5.0;
				TARGETED_DEVICE_FAMILY = "1,2";
				TEST_HOST = "$(BUILT_PRODUCTS_DIR)/Flix.app/Flix";
			};
			name = Debug;
		};
		13252DF325E0AEF00026FB74 /* Release */ = {
			isa = XCBuildConfiguration;
			baseConfigurationReference = 9EC184607B83359C12275C44 /* Pods-FlixTests.release.xcconfig */;
			buildSettings = {
				ALWAYS_EMBED_SWIFT_STANDARD_LIBRARIES = YES;
				BUNDLE_LOADER = "$(TEST_HOST)";
				CODE_SIGN_STYLE = Automatic;
				DEVELOPMENT_TEAM = GHUJM3NP68;
				INFOPLIST_FILE = FlixTests/Info.plist;
				IPHONEOS_DEPLOYMENT_TARGET = 14.4;
				LD_RUNPATH_SEARCH_PATHS = (
					"$(inherited)",
					"@executable_path/Frameworks",
					"@loader_path/Frameworks",
				);
				PRODUCT_BUNDLE_IDENTIFIER = FailWhale.FlixTests;
				PRODUCT_NAME = "$(TARGET_NAME)";
				SWIFT_VERSION = 5.0;
				TARGETED_DEVICE_FAMILY = "1,2";
				TEST_HOST = "$(BUILT_PRODUCTS_DIR)/Flix.app/Flix";
			};
			name = Release;
		};
		13252DF525E0AEF00026FB74 /* Debug */ = {
			isa = XCBuildConfiguration;
			baseConfigurationReference = AA9A860082EE15AD2709580D /* Pods-Flix-FlixUITests.debug.xcconfig */;
			buildSettings = {
				ALWAYS_EMBED_SWIFT_STANDARD_LIBRARIES = YES;
				CODE_SIGN_STYLE = Automatic;
				DEVELOPMENT_TEAM = GHUJM3NP68;
				INFOPLIST_FILE = FlixUITests/Info.plist;
				LD_RUNPATH_SEARCH_PATHS = (
					"$(inherited)",
					"@executable_path/Frameworks",
					"@loader_path/Frameworks",
				);
				PRODUCT_BUNDLE_IDENTIFIER = FailWhale.FlixUITests;
				PRODUCT_NAME = "$(TARGET_NAME)";
				SWIFT_VERSION = 5.0;
				TARGETED_DEVICE_FAMILY = "1,2";
				TEST_TARGET_NAME = Flix;
			};
			name = Debug;
		};
		13252DF625E0AEF00026FB74 /* Release */ = {
			isa = XCBuildConfiguration;
			baseConfigurationReference = 5CC2B02A9FCEAAA945476AFC /* Pods-Flix-FlixUITests.release.xcconfig */;
			buildSettings = {
				ALWAYS_EMBED_SWIFT_STANDARD_LIBRARIES = YES;
				CODE_SIGN_STYLE = Automatic;
				DEVELOPMENT_TEAM = GHUJM3NP68;
				INFOPLIST_FILE = FlixUITests/Info.plist;
				LD_RUNPATH_SEARCH_PATHS = (
					"$(inherited)",
					"@executable_path/Frameworks",
					"@loader_path/Frameworks",
				);
				PRODUCT_BUNDLE_IDENTIFIER = FailWhale.FlixUITests;
				PRODUCT_NAME = "$(TARGET_NAME)";
				SWIFT_VERSION = 5.0;
				TARGETED_DEVICE_FAMILY = "1,2";
				TEST_TARGET_NAME = Flix;
			};
			name = Release;
		};
/* End XCBuildConfiguration section */

/* Begin XCConfigurationList section */
		13252DBF25E0AEEF0026FB74 /* Build configuration list for PBXProject "Flix" */ = {
			isa = XCConfigurationList;
			buildConfigurations = (
				13252DEC25E0AEF00026FB74 /* Debug */,
				13252DED25E0AEF00026FB74 /* Release */,
			);
			defaultConfigurationIsVisible = 0;
			defaultConfigurationName = Release;
		};
		13252DEE25E0AEF00026FB74 /* Build configuration list for PBXNativeTarget "Flix" */ = {
			isa = XCConfigurationList;
			buildConfigurations = (
				13252DEF25E0AEF00026FB74 /* Debug */,
				13252DF025E0AEF00026FB74 /* Release */,
			);
			defaultConfigurationIsVisible = 0;
			defaultConfigurationName = Release;
		};
		13252DF125E0AEF00026FB74 /* Build configuration list for PBXNativeTarget "FlixTests" */ = {
			isa = XCConfigurationList;
			buildConfigurations = (
				13252DF225E0AEF00026FB74 /* Debug */,
				13252DF325E0AEF00026FB74 /* Release */,
			);
			defaultConfigurationIsVisible = 0;
			defaultConfigurationName = Release;
		};
		13252DF425E0AEF00026FB74 /* Build configuration list for PBXNativeTarget "FlixUITests" */ = {
			isa = XCConfigurationList;
			buildConfigurations = (
				13252DF525E0AEF00026FB74 /* Debug */,
				13252DF625E0AEF00026FB74 /* Release */,
			);
			defaultConfigurationIsVisible = 0;
			defaultConfigurationName = Release;
		};
/* End XCConfigurationList section */
	};
	rootObject = 13252DBC25E0AEEF0026FB74 /* Project object */;
}
